// !$*UTF8*$!
{
	archiveVersion = 1;
	classes = {
	};
	objectVersion = 48;
	objects = {

/* Begin PBXBuildFile section */
		BC715D0A20656EAE00417B15 /* AppDelegate.swift in Sources */ = {isa = PBXBuildFile; fileRef = BC715D0920656EAE00417B15 /* AppDelegate.swift */; };
		BC715D0C20656EAE00417B15 /* ViewController.swift in Sources */ = {isa = PBXBuildFile; fileRef = BC715D0B20656EAE00417B15 /* ViewController.swift */; };
		BC715D0F20656EAE00417B15 /* Main.storyboard in Resources */ = {isa = PBXBuildFile; fileRef = BC715D0D20656EAE00417B15 /* Main.storyboard */; };
		BC715D1220656EAE00417B15 /* HalfTunesDemo.xcdatamodeld in Sources */ = {isa = PBXBuildFile; fileRef = BC715D1020656EAE00417B15 /* HalfTunesDemo.xcdatamodeld */; };
		BC715D1420656EAE00417B15 /* Assets.xcassets in Resources */ = {isa = PBXBuildFile; fileRef = BC715D1320656EAE00417B15 /* Assets.xcassets */; };
		BC715D1720656EAE00417B15 /* LaunchScreen.storyboard in Resources */ = {isa = PBXBuildFile; fileRef = BC715D1520656EAE00417B15 /* LaunchScreen.storyboard */; };
		BC715D2220656EAE00417B15 /* HalfTunesDemoTests.swift in Sources */ = {isa = PBXBuildFile; fileRef = BC715D2120656EAE00417B15 /* HalfTunesDemoTests.swift */; };
		BC715D2D20656EAE00417B15 /* HalfTunesDemoUITests.swift in Sources */ = {isa = PBXBuildFile; fileRef = BC715D2C20656EAE00417B15 /* HalfTunesDemoUITests.swift */; };
		BC715D462065700F00417B15 /* SearchVC+SearchBarDelegate.swift in Sources */ = {isa = PBXBuildFile; fileRef = BC715D3B2065700E00417B15 /* SearchVC+SearchBarDelegate.swift */; };
		BC715D472065700F00417B15 /* SearchVC+URLSessionDelegates.swift in Sources */ = {isa = PBXBuildFile; fileRef = BC715D3C2065700E00417B15 /* SearchVC+URLSessionDelegates.swift */; };
		BC715D482065700F00417B15 /* SearchViewController.swift in Sources */ = {isa = PBXBuildFile; fileRef = BC715D3D2065700E00417B15 /* SearchViewController.swift */; };
		BC715D492065700F00417B15 /* DownloadService.swift in Sources */ = {isa = PBXBuildFile; fileRef = BC715D3F2065700E00417B15 /* DownloadService.swift */; };
		BC715D4A2065700F00417B15 /* QueryService.swift in Sources */ = {isa = PBXBuildFile; fileRef = BC715D402065700E00417B15 /* QueryService.swift */; };
		BC715D4B2065700F00417B15 /* Download.swift in Sources */ = {isa = PBXBuildFile; fileRef = BC715D422065700E00417B15 /* Download.swift */; };
		BC715D4C2065700F00417B15 /* Track.swift in Sources */ = {isa = PBXBuildFile; fileRef = BC715D432065700E00417B15 /* Track.swift */; };
		BC715D4D2065700F00417B15 /* TrackCell.swift in Sources */ = {isa = PBXBuildFile; fileRef = BC715D452065700F00417B15 /* TrackCell.swift */; };
		BC715D50206570CA00417B15 /* StoryboardSupport.swift in Sources */ = {isa = PBXBuildFile; fileRef = BC715D4F206570CA00417B15 /* StoryboardSupport.swift */; };
		BC715D54206571F300417B15 /* DatabaseManager.swift in Sources */ = {isa = PBXBuildFile; fileRef = BC715D52206571F300417B15 /* DatabaseManager.swift */; };
		BC715D55206571F300417B15 /* Track.db in Resources */ = {isa = PBXBuildFile; fileRef = BC715D53206571F300417B15 /* Track.db */; };
		BC715D5B206576C200417B15 /* CommonMethods.swift in Sources */ = {isa = PBXBuildFile; fileRef = BC715D5A206576C200417B15 /* CommonMethods.swift */; };
		BC715D5F206579CD00417B15 /* TrackRecords+CoreDataClass.swift in Sources */ = {isa = PBXBuildFile; fileRef = BC715D5D206579CD00417B15 /* TrackRecords+CoreDataClass.swift */; };
		BC715D60206579CD00417B15 /* TrackRecords+CoreDataProperties.swift in Sources */ = {isa = PBXBuildFile; fileRef = BC715D5E206579CD00417B15 /* TrackRecords+CoreDataProperties.swift */; };
/* End PBXBuildFile section */

/* Begin PBXContainerItemProxy section */
		BC715D1E20656EAE00417B15 /* PBXContainerItemProxy */ = {
			isa = PBXContainerItemProxy;
			containerPortal = BC715CFE20656EAE00417B15 /* Project object */;
			proxyType = 1;
			remoteGlobalIDString = BC715D0520656EAE00417B15;
			remoteInfo = HalfTunesDemo;
		};
		BC715D2920656EAE00417B15 /* PBXContainerItemProxy */ = {
			isa = PBXContainerItemProxy;
			containerPortal = BC715CFE20656EAE00417B15 /* Project object */;
			proxyType = 1;
			remoteGlobalIDString = BC715D0520656EAE00417B15;
			remoteInfo = HalfTunesDemo;
		};
/* End PBXContainerItemProxy section */

/* Begin PBXFileReference section */
		BC715D0620656EAE00417B15 /* HalfTunesDemo.app */ = {isa = PBXFileReference; explicitFileType = wrapper.application; includeInIndex = 0; path = HalfTunesDemo.app; sourceTree = BUILT_PRODUCTS_DIR; };
		BC715D0920656EAE00417B15 /* AppDelegate.swift */ = {isa = PBXFileReference; lastKnownFileType = sourcecode.swift; path = AppDelegate.swift; sourceTree = "<group>"; };
		BC715D0B20656EAE00417B15 /* ViewController.swift */ = {isa = PBXFileReference; lastKnownFileType = sourcecode.swift; path = ViewController.swift; sourceTree = "<group>"; };
		BC715D0E20656EAE00417B15 /* Base */ = {isa = PBXFileReference; lastKnownFileType = file.storyboard; name = Base; path = Base.lproj/Main.storyboard; sourceTree = "<group>"; };
		BC715D1120656EAE00417B15 /* HalfTunesDemo.xcdatamodel */ = {isa = PBXFileReference; lastKnownFileType = wrapper.xcdatamodel; path = HalfTunesDemo.xcdatamodel; sourceTree = "<group>"; };
		BC715D1320656EAE00417B15 /* Assets.xcassets */ = {isa = PBXFileReference; lastKnownFileType = folder.assetcatalog; path = Assets.xcassets; sourceTree = "<group>"; };
		BC715D1620656EAE00417B15 /* Base */ = {isa = PBXFileReference; lastKnownFileType = file.storyboard; name = Base; path = Base.lproj/LaunchScreen.storyboard; sourceTree = "<group>"; };
		BC715D1820656EAE00417B15 /* Info.plist */ = {isa = PBXFileReference; lastKnownFileType = text.plist.xml; path = Info.plist; sourceTree = "<group>"; };
		BC715D1D20656EAE00417B15 /* HalfTunesDemoTests.xctest */ = {isa = PBXFileReference; explicitFileType = wrapper.cfbundle; includeInIndex = 0; path = HalfTunesDemoTests.xctest; sourceTree = BUILT_PRODUCTS_DIR; };
		BC715D2120656EAE00417B15 /* HalfTunesDemoTests.swift */ = {isa = PBXFileReference; lastKnownFileType = sourcecode.swift; path = HalfTunesDemoTests.swift; sourceTree = "<group>"; };
		BC715D2320656EAE00417B15 /* Info.plist */ = {isa = PBXFileReference; lastKnownFileType = text.plist.xml; path = Info.plist; sourceTree = "<group>"; };
		BC715D2820656EAE00417B15 /* HalfTunesDemoUITests.xctest */ = {isa = PBXFileReference; explicitFileType = wrapper.cfbundle; includeInIndex = 0; path = HalfTunesDemoUITests.xctest; sourceTree = BUILT_PRODUCTS_DIR; };
		BC715D2C20656EAE00417B15 /* HalfTunesDemoUITests.swift */ = {isa = PBXFileReference; lastKnownFileType = sourcecode.swift; path = HalfTunesDemoUITests.swift; sourceTree = "<group>"; };
		BC715D2E20656EAE00417B15 /* Info.plist */ = {isa = PBXFileReference; lastKnownFileType = text.plist.xml; path = Info.plist; sourceTree = "<group>"; };
		BC715D3B2065700E00417B15 /* SearchVC+SearchBarDelegate.swift */ = {isa = PBXFileReference; fileEncoding = 4; lastKnownFileType = sourcecode.swift; path = "SearchVC+SearchBarDelegate.swift"; sourceTree = "<group>"; };
		BC715D3C2065700E00417B15 /* SearchVC+URLSessionDelegates.swift */ = {isa = PBXFileReference; fileEncoding = 4; lastKnownFileType = sourcecode.swift; path = "SearchVC+URLSessionDelegates.swift"; sourceTree = "<group>"; };
		BC715D3D2065700E00417B15 /* SearchViewController.swift */ = {isa = PBXFileReference; fileEncoding = 4; lastKnownFileType = sourcecode.swift; path = SearchViewController.swift; sourceTree = "<group>"; };
		BC715D3F2065700E00417B15 /* DownloadService.swift */ = {isa = PBXFileReference; fileEncoding = 4; lastKnownFileType = sourcecode.swift; path = DownloadService.swift; sourceTree = "<group>"; };
		BC715D402065700E00417B15 /* QueryService.swift */ = {isa = PBXFileReference; fileEncoding = 4; lastKnownFileType = sourcecode.swift; path = QueryService.swift; sourceTree = "<group>"; };
		BC715D422065700E00417B15 /* Download.swift */ = {isa = PBXFileReference; fileEncoding = 4; lastKnownFileType = sourcecode.swift; path = Download.swift; sourceTree = "<group>"; };
		BC715D432065700E00417B15 /* Track.swift */ = {isa = PBXFileReference; fileEncoding = 4; lastKnownFileType = sourcecode.swift; path = Track.swift; sourceTree = "<group>"; };
		BC715D452065700F00417B15 /* TrackCell.swift */ = {isa = PBXFileReference; fileEncoding = 4; lastKnownFileType = sourcecode.swift; path = TrackCell.swift; sourceTree = "<group>"; };
		BC715D4F206570CA00417B15 /* StoryboardSupport.swift */ = {isa = PBXFileReference; fileEncoding = 4; lastKnownFileType = sourcecode.swift; name = StoryboardSupport.swift; path = HalfTunesDemo/StoryboardSupport.swift; sourceTree = SOURCE_ROOT; };
		BC715D52206571F300417B15 /* DatabaseManager.swift */ = {isa = PBXFileReference; fileEncoding = 4; lastKnownFileType = sourcecode.swift; path = DatabaseManager.swift; sourceTree = "<group>"; };
		BC715D53206571F300417B15 /* Track.db */ = {isa = PBXFileReference; lastKnownFileType = file; path = Track.db; sourceTree = "<group>"; };
		BC715D572065725300417B15 /* libsqlite3.0.tbd */ = {isa = PBXFileReference; lastKnownFileType = "sourcecode.text-based-dylib-definition"; name = libsqlite3.0.tbd; path = usr/lib/libsqlite3.0.tbd; sourceTree = SDKROOT; };
		BC715D582065726F00417B15 /* Bridge-Header.h */ = {isa = PBXFileReference; lastKnownFileType = sourcecode.c.h; path = "Bridge-Header.h"; sourceTree = "<group>"; };
		BC715D5A206576C200417B15 /* CommonMethods.swift */ = {isa = PBXFileReference; fileEncoding = 4; lastKnownFileType = sourcecode.swift; path = CommonMethods.swift; sourceTree = "<group>"; };
		BC715D5D206579CD00417B15 /* TrackRecords+CoreDataClass.swift */ = {isa = PBXFileReference; lastKnownFileType = sourcecode.swift; path = "TrackRecords+CoreDataClass.swift"; sourceTree = "<group>"; };
		BC715D5E206579CD00417B15 /* TrackRecords+CoreDataProperties.swift */ = {isa = PBXFileReference; lastKnownFileType = sourcecode.swift; path = "TrackRecords+CoreDataProperties.swift"; sourceTree = "<group>"; };
/* End PBXFileReference section */

/* Begin PBXFrameworksBuildPhase section */
		BC715D0320656EAE00417B15 /* Frameworks */ = {
			isa = PBXFrameworksBuildPhase;
			buildActionMask = 2147483647;
			files = (
			);
			runOnlyForDeploymentPostprocessing = 0;
		};
		BC715D1A20656EAE00417B15 /* Frameworks */ = {
			isa = PBXFrameworksBuildPhase;
			buildActionMask = 2147483647;
			files = (
			);
			runOnlyForDeploymentPostprocessing = 0;
		};
		BC715D2520656EAE00417B15 /* Frameworks */ = {
			isa = PBXFrameworksBuildPhase;
			buildActionMask = 2147483647;
			files = (
			);
			runOnlyForDeploymentPostprocessing = 0;
		};
/* End PBXFrameworksBuildPhase section */

/* Begin PBXGroup section */
		BC715CFD20656EAE00417B15 = {
			isa = PBXGroup;
			children = (
				BC715D0820656EAE00417B15 /* HalfTunesDemo */,
				BC715D2020656EAE00417B15 /* HalfTunesDemoTests */,
				BC715D2B20656EAE00417B15 /* HalfTunesDemoUITests */,
				BC715D0720656EAE00417B15 /* Products */,
				BC715D562065725200417B15 /* Frameworks */,
			);
			sourceTree = "<group>";
		};
		BC715D0720656EAE00417B15 /* Products */ = {
			isa = PBXGroup;
			children = (
				BC715D0620656EAE00417B15 /* HalfTunesDemo.app */,
				BC715D1D20656EAE00417B15 /* HalfTunesDemoTests.xctest */,
				BC715D2820656EAE00417B15 /* HalfTunesDemoUITests.xctest */,
			);
			name = Products;
			sourceTree = "<group>";
		};
		BC715D0820656EAE00417B15 /* HalfTunesDemo */ = {
			isa = PBXGroup;
			children = (
				BC715D5C2065797500417B15 /* CoreData Classes */,
				BC715D59206576C200417B15 /* Common */,
				BC715D51206571F300417B15 /* DatabaseManager */,
				BC715D3A2065700E00417B15 /* Controller */,
				BC715D412065700E00417B15 /* Model */,
				BC715D3E2065700E00417B15 /* Networking */,
				BC715D442065700F00417B15 /* View */,
				BC715D0920656EAE00417B15 /* AppDelegate.swift */,
				BC715D0B20656EAE00417B15 /* ViewController.swift */,
				BC715D0D20656EAE00417B15 /* Main.storyboard */,
				BC715D4F206570CA00417B15 /* StoryboardSupport.swift */,
				BC715D1820656EAE00417B15 /* Info.plist */,
				BC715D4E2065702700417B15 /* Supporting Files */,
				BC715D1020656EAE00417B15 /* HalfTunesDemo.xcdatamodeld */,
			);
			path = HalfTunesDemo;
			sourceTree = "<group>";
		};
		BC715D2020656EAE00417B15 /* HalfTunesDemoTests */ = {
			isa = PBXGroup;
			children = (
				BC715D2120656EAE00417B15 /* HalfTunesDemoTests.swift */,
				BC715D2320656EAE00417B15 /* Info.plist */,
			);
			path = HalfTunesDemoTests;
			sourceTree = "<group>";
		};
		BC715D2B20656EAE00417B15 /* HalfTunesDemoUITests */ = {
			isa = PBXGroup;
			children = (
				BC715D2C20656EAE00417B15 /* HalfTunesDemoUITests.swift */,
				BC715D2E20656EAE00417B15 /* Info.plist */,
			);
			path = HalfTunesDemoUITests;
			sourceTree = "<group>";
		};
		BC715D3A2065700E00417B15 /* Controller */ = {
			isa = PBXGroup;
			children = (
				BC715D3B2065700E00417B15 /* SearchVC+SearchBarDelegate.swift */,
				BC715D3C2065700E00417B15 /* SearchVC+URLSessionDelegates.swift */,
				BC715D3D2065700E00417B15 /* SearchViewController.swift */,
			);
			path = Controller;
			sourceTree = SOURCE_ROOT;
		};
		BC715D3E2065700E00417B15 /* Networking */ = {
			isa = PBXGroup;
			children = (
				BC715D3F2065700E00417B15 /* DownloadService.swift */,
				BC715D402065700E00417B15 /* QueryService.swift */,
			);
			path = Networking;
			sourceTree = SOURCE_ROOT;
		};
		BC715D412065700E00417B15 /* Model */ = {
			isa = PBXGroup;
			children = (
				BC715D422065700E00417B15 /* Download.swift */,
				BC715D432065700E00417B15 /* Track.swift */,
			);
			path = Model;
			sourceTree = SOURCE_ROOT;
		};
		BC715D442065700F00417B15 /* View */ = {
			isa = PBXGroup;
			children = (
				BC715D452065700F00417B15 /* TrackCell.swift */,
			);
			path = View;
			sourceTree = SOURCE_ROOT;
		};
		BC715D4E2065702700417B15 /* Supporting Files */ = {
			isa = PBXGroup;
			children = (
				BC715D1320656EAE00417B15 /* Assets.xcassets */,
				BC715D1520656EAE00417B15 /* LaunchScreen.storyboard */,
				BC715D582065726F00417B15 /* Bridge-Header.h */,
			);
			path = "Supporting Files";
			sourceTree = "<group>";
		};
		BC715D51206571F300417B15 /* DatabaseManager */ = {
			isa = PBXGroup;
			children = (
				BC715D52206571F300417B15 /* DatabaseManager.swift */,
				BC715D53206571F300417B15 /* Track.db */,
			);
			path = DatabaseManager;
			sourceTree = SOURCE_ROOT;
		};
		BC715D562065725200417B15 /* Frameworks */ = {
			isa = PBXGroup;
			children = (
				BC715D572065725300417B15 /* libsqlite3.0.tbd */,
			);
			name = Frameworks;
			sourceTree = "<group>";
		};
		BC715D59206576C200417B15 /* Common */ = {
			isa = PBXGroup;
			children = (
				BC715D5A206576C200417B15 /* CommonMethods.swift */,
			);
			path = Common;
			sourceTree = SOURCE_ROOT;
		};
		BC715D5C2065797500417B15 /* CoreData Classes */ = {
			isa = PBXGroup;
			children = (
				BC715D5D206579CD00417B15 /* TrackRecords+CoreDataClass.swift */,
				BC715D5E206579CD00417B15 /* TrackRecords+CoreDataProperties.swift */,
			);
			path = "CoreData Classes";
			sourceTree = "<group>";
		};
/* End PBXGroup section */

/* Begin PBXNativeTarget section */
		BC715D0520656EAE00417B15 /* HalfTunesDemo */ = {
			isa = PBXNativeTarget;
			buildConfigurationList = BC715D3120656EAE00417B15 /* Build configuration list for PBXNativeTarget "HalfTunesDemo" */;
			buildPhases = (
				BC715D0220656EAE00417B15 /* Sources */,
				BC715D0320656EAE00417B15 /* Frameworks */,
				BC715D0420656EAE00417B15 /* Resources */,
			);
			buildRules = (
			);
			dependencies = (
			);
			name = HalfTunesDemo;
			productName = HalfTunesDemo;
			productReference = BC715D0620656EAE00417B15 /* HalfTunesDemo.app */;
			productType = "com.apple.product-type.application";
		};
		BC715D1C20656EAE00417B15 /* HalfTunesDemoTests */ = {
			isa = PBXNativeTarget;
			buildConfigurationList = BC715D3420656EAE00417B15 /* Build configuration list for PBXNativeTarget "HalfTunesDemoTests" */;
			buildPhases = (
				BC715D1920656EAE00417B15 /* Sources */,
				BC715D1A20656EAE00417B15 /* Frameworks */,
				BC715D1B20656EAE00417B15 /* Resources */,
			);
			buildRules = (
			);
			dependencies = (
				BC715D1F20656EAE00417B15 /* PBXTargetDependency */,
			);
			name = HalfTunesDemoTests;
			productName = HalfTunesDemoTests;
			productReference = BC715D1D20656EAE00417B15 /* HalfTunesDemoTests.xctest */;
			productType = "com.apple.product-type.bundle.unit-test";
		};
		BC715D2720656EAE00417B15 /* HalfTunesDemoUITests */ = {
			isa = PBXNativeTarget;
			buildConfigurationList = BC715D3720656EAE00417B15 /* Build configuration list for PBXNativeTarget "HalfTunesDemoUITests" */;
			buildPhases = (
				BC715D2420656EAE00417B15 /* Sources */,
				BC715D2520656EAE00417B15 /* Frameworks */,
				BC715D2620656EAE00417B15 /* Resources */,
			);
			buildRules = (
			);
			dependencies = (
				BC715D2A20656EAE00417B15 /* PBXTargetDependency */,
			);
			name = HalfTunesDemoUITests;
			productName = HalfTunesDemoUITests;
			productReference = BC715D2820656EAE00417B15 /* HalfTunesDemoUITests.xctest */;
			productType = "com.apple.product-type.bundle.ui-testing";
		};
/* End PBXNativeTarget section */

/* Begin PBXProject section */
		BC715CFE20656EAE00417B15 /* Project object */ = {
			isa = PBXProject;
			attributes = {
				LastSwiftUpdateCheck = 0910;
				LastUpgradeCheck = 0910;
				ORGANIZATIONNAME = "Ashish Prajapati";
				TargetAttributes = {
					BC715D0520656EAE00417B15 = {
						CreatedOnToolsVersion = 9.1;
						ProvisioningStyle = Automatic;
					};
					BC715D1C20656EAE00417B15 = {
						CreatedOnToolsVersion = 9.1;
						ProvisioningStyle = Automatic;
						TestTargetID = BC715D0520656EAE00417B15;
					};
					BC715D2720656EAE00417B15 = {
						CreatedOnToolsVersion = 9.1;
						ProvisioningStyle = Automatic;
						TestTargetID = BC715D0520656EAE00417B15;
					};
				};
			};
			buildConfigurationList = BC715D0120656EAE00417B15 /* Build configuration list for PBXProject "HalfTunesDemo" */;
			compatibilityVersion = "Xcode 8.0";
			developmentRegion = en;
			hasScannedForEncodings = 0;
			knownRegions = (
				en,
				Base,
			);
			mainGroup = BC715CFD20656EAE00417B15;
			productRefGroup = BC715D0720656EAE00417B15 /* Products */;
			projectDirPath = "";
			projectRoot = "";
			targets = (
				BC715D0520656EAE00417B15 /* HalfTunesDemo */,
				BC715D1C20656EAE00417B15 /* HalfTunesDemoTests */,
				BC715D2720656EAE00417B15 /* HalfTunesDemoUITests */,
			);
		};
/* End PBXProject section */

/* Begin PBXResourcesBuildPhase section */
		BC715D0420656EAE00417B15 /* Resources */ = {
			isa = PBXResourcesBuildPhase;
			buildActionMask = 2147483647;
			files = (
				BC715D1720656EAE00417B15 /* LaunchScreen.storyboard in Resources */,
				BC715D55206571F300417B15 /* Track.db in Resources */,
				BC715D1420656EAE00417B15 /* Assets.xcassets in Resources */,
				BC715D0F20656EAE00417B15 /* Main.storyboard in Resources */,
			);
			runOnlyForDeploymentPostprocessing = 0;
		};
		BC715D1B20656EAE00417B15 /* Resources */ = {
			isa = PBXResourcesBuildPhase;
			buildActionMask = 2147483647;
			files = (
			);
			runOnlyForDeploymentPostprocessing = 0;
		};
		BC715D2620656EAE00417B15 /* Resources */ = {
			isa = PBXResourcesBuildPhase;
			buildActionMask = 2147483647;
			files = (
			);
			runOnlyForDeploymentPostprocessing = 0;
		};
/* End PBXResourcesBuildPhase section */

/* Begin PBXSourcesBuildPhase section */
		BC715D0220656EAE00417B15 /* Sources */ = {
			isa = PBXSourcesBuildPhase;
			buildActionMask = 2147483647;
			files = (
				BC715D4B2065700F00417B15 /* Download.swift in Sources */,
				BC715D4C2065700F00417B15 /* Track.swift in Sources */,
				BC715D60206579CD00417B15 /* TrackRecords+CoreDataProperties.swift in Sources */,
				BC715D54206571F300417B15 /* DatabaseManager.swift in Sources */,
				BC715D482065700F00417B15 /* SearchViewController.swift in Sources */,
				BC715D492065700F00417B15 /* DownloadService.swift in Sources */,
				BC715D5F206579CD00417B15 /* TrackRecords+CoreDataClass.swift in Sources */,
				BC715D5B206576C200417B15 /* CommonMethods.swift in Sources */,
				BC715D0C20656EAE00417B15 /* ViewController.swift in Sources */,
				BC715D4D2065700F00417B15 /* TrackCell.swift in Sources */,
				BC715D0A20656EAE00417B15 /* AppDelegate.swift in Sources */,
				BC715D4A2065700F00417B15 /* QueryService.swift in Sources */,
				BC715D50206570CA00417B15 /* StoryboardSupport.swift in Sources */,
				BC715D472065700F00417B15 /* SearchVC+URLSessionDelegates.swift in Sources */,
				BC715D462065700F00417B15 /* SearchVC+SearchBarDelegate.swift in Sources */,
				BC715D1220656EAE00417B15 /* HalfTunesDemo.xcdatamodeld in Sources */,
			);
			runOnlyForDeploymentPostprocessing = 0;
		};
		BC715D1920656EAE00417B15 /* Sources */ = {
			isa = PBXSourcesBuildPhase;
			buildActionMask = 2147483647;
			files = (
				BC715D2220656EAE00417B15 /* HalfTunesDemoTests.swift in Sources */,
			);
			runOnlyForDeploymentPostprocessing = 0;
		};
		BC715D2420656EAE00417B15 /* Sources */ = {
			isa = PBXSourcesBuildPhase;
			buildActionMask = 2147483647;
			files = (
				BC715D2D20656EAE00417B15 /* HalfTunesDemoUITests.swift in Sources */,
			);
			runOnlyForDeploymentPostprocessing = 0;
		};
/* End PBXSourcesBuildPhase section */

/* Begin PBXTargetDependency section */
		BC715D1F20656EAE00417B15 /* PBXTargetDependency */ = {
			isa = PBXTargetDependency;
			target = BC715D0520656EAE00417B15 /* HalfTunesDemo */;
			targetProxy = BC715D1E20656EAE00417B15 /* PBXContainerItemProxy */;
		};
		BC715D2A20656EAE00417B15 /* PBXTargetDependency */ = {
			isa = PBXTargetDependency;
			target = BC715D0520656EAE00417B15 /* HalfTunesDemo */;
			targetProxy = BC715D2920656EAE00417B15 /* PBXContainerItemProxy */;
		};
/* End PBXTargetDependency section */

/* Begin PBXVariantGroup section */
		BC715D0D20656EAE00417B15 /* Main.storyboard */ = {
			isa = PBXVariantGroup;
			children = (
				BC715D0E20656EAE00417B15 /* Base */,
			);
			name = Main.storyboard;
			sourceTree = "<group>";
		};
		BC715D1520656EAE00417B15 /* LaunchScreen.storyboard */ = {
			isa = PBXVariantGroup;
			children = (
				BC715D1620656EAE00417B15 /* Base */,
			);
			name = LaunchScreen.storyboard;
			sourceTree = "<group>";
		};
/* End PBXVariantGroup section */

/* Begin XCBuildConfiguration section */
		BC715D2F20656EAE00417B15 /* Debug */ = {
			isa = XCBuildConfiguration;
			buildSettings = {
				ALWAYS_SEARCH_USER_PATHS = NO;
				CLANG_ANALYZER_NONNULL = YES;
				CLANG_ANALYZER_NUMBER_OBJECT_CONVERSION = YES_AGGRESSIVE;
				CLANG_CXX_LANGUAGE_STANDARD = "gnu++14";
				CLANG_CXX_LIBRARY = "libc++";
				CLANG_ENABLE_MODULES = YES;
				CLANG_ENABLE_OBJC_ARC = YES;
				CLANG_WARN_BLOCK_CAPTURE_AUTORELEASING = YES;
				CLANG_WARN_BOOL_CONVERSION = YES;
				CLANG_WARN_COMMA = YES;
				CLANG_WARN_CONSTANT_CONVERSION = YES;
				CLANG_WARN_DIRECT_OBJC_ISA_USAGE = YES_ERROR;
				CLANG_WARN_DOCUMENTATION_COMMENTS = YES;
				CLANG_WARN_EMPTY_BODY = YES;
				CLANG_WARN_ENUM_CONVERSION = YES;
				CLANG_WARN_INFINITE_RECURSION = YES;
				CLANG_WARN_INT_CONVERSION = YES;
				CLANG_WARN_NON_LITERAL_NULL_CONVERSION = YES;
				CLANG_WARN_OBJC_LITERAL_CONVERSION = YES;
				CLANG_WARN_OBJC_ROOT_CLASS = YES_ERROR;
				CLANG_WARN_RANGE_LOOP_ANALYSIS = YES;
				CLANG_WARN_STRICT_PROTOTYPES = YES;
				CLANG_WARN_SUSPICIOUS_MOVE = YES;
				CLANG_WARN_UNGUARDED_AVAILABILITY = YES_AGGRESSIVE;
				CLANG_WARN_UNREACHABLE_CODE = YES;
				CLANG_WARN__DUPLICATE_METHOD_MATCH = YES;
				CODE_SIGN_IDENTITY = "iPhone Developer";
				COPY_PHASE_STRIP = NO;
				DEBUG_INFORMATION_FORMAT = dwarf;
				ENABLE_STRICT_OBJC_MSGSEND = YES;
				ENABLE_TESTABILITY = YES;
				GCC_C_LANGUAGE_STANDARD = gnu11;
				GCC_DYNAMIC_NO_PIC = NO;
				GCC_NO_COMMON_BLOCKS = YES;
				GCC_OPTIMIZATION_LEVEL = 0;
				GCC_PREPROCESSOR_DEFINITIONS = (
					"DEBUG=1",
					"$(inherited)",
				);
				GCC_WARN_64_TO_32_BIT_CONVERSION = YES;
				GCC_WARN_ABOUT_RETURN_TYPE = YES_ERROR;
				GCC_WARN_UNDECLARED_SELECTOR = YES;
				GCC_WARN_UNINITIALIZED_AUTOS = YES_AGGRESSIVE;
				GCC_WARN_UNUSED_FUNCTION = YES;
				GCC_WARN_UNUSED_VARIABLE = YES;
				IPHONEOS_DEPLOYMENT_TARGET = 11.1;
				MTL_ENABLE_DEBUG_INFO = YES;
				ONLY_ACTIVE_ARCH = YES;
				SDKROOT = iphoneos;
				SWIFT_ACTIVE_COMPILATION_CONDITIONS = DEBUG;
				SWIFT_OPTIMIZATION_LEVEL = "-Onone";
			};
			name = Debug;
		};
		BC715D3020656EAE00417B15 /* Release */ = {
			isa = XCBuildConfiguration;
			buildSettings = {
				ALWAYS_SEARCH_USER_PATHS = NO;
				CLANG_ANALYZER_NONNULL = YES;
				CLANG_ANALYZER_NUMBER_OBJECT_CONVERSION = YES_AGGRESSIVE;
				CLANG_CXX_LANGUAGE_STANDARD = "gnu++14";
				CLANG_CXX_LIBRARY = "libc++";
				CLANG_ENABLE_MODULES = YES;
				CLANG_ENABLE_OBJC_ARC = YES;
				CLANG_WARN_BLOCK_CAPTURE_AUTORELEASING = YES;
				CLANG_WARN_BOOL_CONVERSION = YES;
				CLANG_WARN_COMMA = YES;
				CLANG_WARN_CONSTANT_CONVERSION = YES;
				CLANG_WARN_DIRECT_OBJC_ISA_USAGE = YES_ERROR;
				CLANG_WARN_DOCUMENTATION_COMMENTS = YES;
				CLANG_WARN_EMPTY_BODY = YES;
				CLANG_WARN_ENUM_CONVERSION = YES;
				CLANG_WARN_INFINITE_RECURSION = YES;
				CLANG_WARN_INT_CONVERSION = YES;
				CLANG_WARN_NON_LITERAL_NULL_CONVERSION = YES;
				CLANG_WARN_OBJC_LITERAL_CONVERSION = YES;
				CLANG_WARN_OBJC_ROOT_CLASS = YES_ERROR;
				CLANG_WARN_RANGE_LOOP_ANALYSIS = YES;
				CLANG_WARN_STRICT_PROTOTYPES = YES;
				CLANG_WARN_SUSPICIOUS_MOVE = YES;
				CLANG_WARN_UNGUARDED_AVAILABILITY = YES_AGGRESSIVE;
				CLANG_WARN_UNREACHABLE_CODE = YES;
				CLANG_WARN__DUPLICATE_METHOD_MATCH = YES;
				CODE_SIGN_IDENTITY = "iPhone Developer";
				COPY_PHASE_STRIP = NO;
				DEBUG_INFORMATION_FORMAT = "dwarf-with-dsym";
				ENABLE_NS_ASSERTIONS = NO;
				ENABLE_STRICT_OBJC_MSGSEND = YES;
				GCC_C_LANGUAGE_STANDARD = gnu11;
				GCC_NO_COMMON_BLOCKS = YES;
				GCC_WARN_64_TO_32_BIT_CONVERSION = YES;
				GCC_WARN_ABOUT_RETURN_TYPE = YES_ERROR;
				GCC_WARN_UNDECLARED_SELECTOR = YES;
				GCC_WARN_UNINITIALIZED_AUTOS = YES_AGGRESSIVE;
				GCC_WARN_UNUSED_FUNCTION = YES;
				GCC_WARN_UNUSED_VARIABLE = YES;
				IPHONEOS_DEPLOYMENT_TARGET = 11.1;
				MTL_ENABLE_DEBUG_INFO = NO;
				SDKROOT = iphoneos;
				SWIFT_OPTIMIZATION_LEVEL = "-Owholemodule";
				VALIDATE_PRODUCT = YES;
			};
			name = Release;
		};
		BC715D3220656EAE00417B15 /* Debug */ = {
			isa = XCBuildConfiguration;
			buildSettings = {
				ASSETCATALOG_COMPILER_APPICON_NAME = AppIcon;
				CODE_SIGN_STYLE = Automatic;
				INFOPLIST_FILE = HalfTunesDemo/Info.plist;
				LD_RUNPATH_SEARCH_PATHS = "$(inherited) @executable_path/Frameworks";
				PRODUCT_BUNDLE_IDENTIFIER = com.appInfo.HalfTunesDemo;
				PRODUCT_NAME = "$(TARGET_NAME)";
				SWIFT_OBJC_BRIDGING_HEADER = "/Users/ashishprajapati/Library/Autosave Information/HalfTunesDemo/HalfTunesDemo/Supporting Files/Bridge-Header.h";
				SWIFT_VERSION = 4.0;
				TARGETED_DEVICE_FAMILY = "1,2";
			};
			name = Debug;
		};
		BC715D3320656EAE00417B15 /* Release */ = {
			isa = XCBuildConfiguration;
			buildSettings = {
				ASSETCATALOG_COMPILER_APPICON_NAME = AppIcon;
				CODE_SIGN_STYLE = Automatic;
				INFOPLIST_FILE = HalfTunesDemo/Info.plist;
				LD_RUNPATH_SEARCH_PATHS = "$(inherited) @executable_path/Frameworks";
				PRODUCT_BUNDLE_IDENTIFIER = com.appInfo.HalfTunesDemo;
				PRODUCT_NAME = "$(TARGET_NAME)";
				SWIFT_OBJC_BRIDGING_HEADER = "/Users/ashishprajapati/Library/Autosave Information/HalfTunesDemo/HalfTunesDemo/Supporting Files/Bridge-Header.h";
				SWIFT_VERSION = 4.0;
				TARGETED_DEVICE_FAMILY = "1,2";
			};
			name = Release;
		};
		BC715D3520656EAE00417B15 /* Debug */ = {
			isa = XCBuildConfiguration;
			buildSettings = {
				ALWAYS_EMBED_SWIFT_STANDARD_LIBRARIES = YES;
				BUNDLE_LOADER = "$(TEST_HOST)";
				CODE_SIGN_STYLE = Automatic;
				INFOPLIST_FILE = HalfTunesDemoTests/Info.plist;
				LD_RUNPATH_SEARCH_PATHS = "$(inherited) @executable_path/Frameworks @loader_path/Frameworks";
				PRODUCT_BUNDLE_IDENTIFIER = com.appInfo.HalfTunesDemoTests;
				PRODUCT_NAME = "$(TARGET_NAME)";
				SWIFT_VERSION = 4.0;
				TARGETED_DEVICE_FAMILY = "1,2";
				TEST_HOST = "$(BUILT_PRODUCTS_DIR)/HalfTunesDemo.app/HalfTunesDemo";
			};
			name = Debug;
		};
		BC715D3620656EAE00417B15 /* Release */ = {
			isa = XCBuildConfiguration;
			buildSettings = {
				ALWAYS_EMBED_SWIFT_STANDARD_LIBRARIES = YES;
				BUNDLE_LOADER = "$(TEST_HOST)";
				CODE_SIGN_STYLE = Automatic;
				INFOPLIST_FILE = HalfTunesDemoTests/Info.plist;
				LD_RUNPATH_SEARCH_PATHS = "$(inherited) @executable_path/Frameworks @loader_path/Frameworks";
				PRODUCT_BUNDLE_IDENTIFIER = com.appInfo.HalfTunesDemoTests;
				PRODUCT_NAME = "$(TARGET_NAME)";
				SWIFT_VERSION = 4.0;
				TARGETED_DEVICE_FAMILY = "1,2";
				TEST_HOST = "$(BUILT_PRODUCTS_DIR)/HalfTunesDemo.app/HalfTunesDemo";
			};
			name = Release;
		};
		BC715D3820656EAE00417B15 /* Debug */ = {
			isa = XCBuildConfiguration;
			buildSettings = {
				ALWAYS_EMBED_SWIFT_STANDARD_LIBRARIES = YES;
				CODE_SIGN_STYLE = Automatic;
				INFOPLIST_FILE = HalfTunesDemoUITests/Info.plist;
				LD_RUNPATH_SEARCH_PATHS = "$(inherited) @executable_path/Frameworks @loader_path/Frameworks";
				PRODUCT_BUNDLE_IDENTIFIER = com.appInfo.HalfTunesDemoUITests;
				PRODUCT_NAME = "$(TARGET_NAME)";
				SWIFT_VERSION = 4.0;
				TARGETED_DEVICE_FAMILY = "1,2";
				TEST_TARGET_NAME = HalfTunesDemo;
			};
			name = Debug;
		};
		BC715D3920656EAE00417B15 /* Release */ = {
			isa = XCBuildConfiguration;
			buildSettings = {
				ALWAYS_EMBED_SWIFT_STANDARD_LIBRARIES = YES;
				CODE_SIGN_STYLE = Automatic;
				INFOPLIST_FILE = HalfTunesDemoUITests/Info.plist;
				LD_RUNPATH_SEARCH_PATHS = "$(inherited) @executable_path/Frameworks @loader_path/Frameworks";
				PRODUCT_BUNDLE_IDENTIFIER = com.appInfo.HalfTunesDemoUITests;
				PRODUCT_NAME = "$(TARGET_NAME)";
				SWIFT_VERSION = 4.0;
				TARGETED_DEVICE_FAMILY = "1,2";
				TEST_TARGET_NAME = HalfTunesDemo;
			};
			name = Release;
		};
/* End XCBuildConfiguration section */

/* Begin XCConfigurationList section */
		BC715D0120656EAE00417B15 /* Build configuration list for PBXProject "HalfTunesDemo" */ = {
			isa = XCConfigurationList;
			buildConfigurations = (
				BC715D2F20656EAE00417B15 /* Debug */,
				BC715D3020656EAE00417B15 /* Release */,
			);
			defaultConfigurationIsVisible = 0;
			defaultConfigurationName = Release;
		};
		BC715D3120656EAE00417B15 /* Build configuration list for PBXNativeTarget "HalfTunesDemo" */ = {
			isa = XCConfigurationList;
			buildConfigurations = (
				BC715D3220656EAE00417B15 /* Debug */,
				BC715D3320656EAE00417B15 /* Release */,
			);
			defaultConfigurationIsVisible = 0;
			defaultConfigurationName = Release;
		};
		BC715D3420656EAE00417B15 /* Build configuration list for PBXNativeTarget "HalfTunesDemoTests" */ = {
			isa = XCConfigurationList;
			buildConfigurations = (
				BC715D3520656EAE00417B15 /* Debug */,
				BC715D3620656EAE00417B15 /* Release */,
			);
			defaultConfigurationIsVisible = 0;
			defaultConfigurationName = Release;
		};
		BC715D3720656EAE00417B15 /* Build configuration list for PBXNativeTarget "HalfTunesDemoUITests" */ = {
			isa = XCConfigurationList;
			buildConfigurations = (
				BC715D3820656EAE00417B15 /* Debug */,
				BC715D3920656EAE00417B15 /* Release */,
			);
			defaultConfigurationIsVisible = 0;
			defaultConfigurationName = Release;
		};
/* End XCConfigurationList section */

/* Begin XCVersionGroup section */
		BC715D1020656EAE00417B15 /* HalfTunesDemo.xcdatamodeld */ = {
			isa = XCVersionGroup;
			children = (
				BC715D1120656EAE00417B15 /* HalfTunesDemo.xcdatamodel */,
			);
			currentVersion = BC715D1120656EAE00417B15 /* HalfTunesDemo.xcdatamodel */;
			path = HalfTunesDemo.xcdatamodeld;
			sourceTree = "<group>";
			versionGroupType = wrapper.xcdatamodel;
		};
/* End XCVersionGroup section */
	};
	rootObject = BC715CFE20656EAE00417B15 /* Project object */;
}
